
Microsoft Visual Studio Solution File, Format Version 12.00
# Visual Studio Version 16
VisualStudioVersion = 16.0.29926.136
MinimumVisualStudioVersion = 10.0.40219.1
Project("{FAE04EC0-301F-11D3-BF4B-00C04F79EFBC}") = "Graph", "LR1\Graph.csproj", "{499DB954-36D6-4A8F-932B-4B06DD694DFF}"
EndProject
Global
	GlobalSection(SolutionConfigurationPlatforms) = preSolution
		Debug|Any CPU = Debug|Any CPU
		Release|Any CPU = Release|Any CPU
	EndGlobalSection
	GlobalSection(ProjectConfigurationPlatforms) = postSolution
		{499DB954-36D6-4A8F-932B-4B06DD694DFF}.Debug|Any CPU.ActiveCfg = Debug|Any CPU
		{499DB954-36D6-4A8F-932B-4B06DD694DFF}.Debug|Any CPU.Build.0 = Debug|Any CPU
		{499DB954-36D6-4A8F-932B-4B06DD694DFF}.Release|Any CPU.ActiveCfg = Release|Any CPU
		{499DB954-36D6-4A8F-932B-4B06DD694DFF}.Release|Any CPU.Build.0 = Release|Any CPU
	EndGlobalSection
	GlobalSection(SolutionProperties) = preSolution
		HideSolutionNode = FALSE
	EndGlobalSection
	GlobalSection(ExtensibilityGlobals) = postSolution
		SolutionGuid = {E386102F-A407-49F2-A426-443C342A5A53}
	EndGlobalSection
EndGlobal
